Microsoft Visual Studio Solution File, Format Version 12.00
# Visual Studio Version 17
VisualStudioVersion = 17.5.2.0
MinimumVisualStudioVersion = 10.0.40219.1
Project("{FAE04EC0-301F-11D3-BF4B-00C04F79EFBC}") = "bookfly", "bookfly.csproj", "{CBBB1ED1-C389-FE05-9770-5F0E5C46E656}"
EndProject
Global
	GlobalSection(SolutionConfigurationPlatforms) = preSolution
		Debug|Any CPU = Debug|Any CPU
		Release|Any CPU = Release|Any CPU
	EndGlobalSection
	GlobalSection(ProjectConfigurationPlatforms) = postSolution
		{CBBB1ED1-C389-FE05-9770-5F0E5C46E656}.Debug|Any CPU.ActiveCfg = Debug|Any CPU
		{CBBB1ED1-C389-FE05-9770-5F0E5C46E656}.Debug|Any CPU.Build.0 = Debug|Any CPU
		{CBBB1ED1-C389-FE05-9770-5F0E5C46E656}.Release|Any CPU.ActiveCfg = Release|Any CPU
		{CBBB1ED1-C389-FE05-9770-5F0E5C46E656}.Release|Any CPU.Build.0 = Release|Any CPU
	EndGlobalSection
	GlobalSection(SolutionProperties) = preSolution
		HideSolutionNode = FALSE
	EndGlobalSection
	GlobalSection(ExtensibilityGlobals) = postSolution
		SolutionGuid = {72078038-E1D6-4DB3-8A52-FEA1A2E0F370}
	EndGlobalSection
EndGlobal
